{
  "name": "yanaksalvo",
  "lockfileVersion": 3,
  "requires": true,
  "packages": {
    "": {
      "dependencies": {
        "extract-json-string": "^1.0.1",
        "tls": "^0.0.1",
        "ws": "^8.18.1"
      }
    },
    "node_modules/extract-json-string": {
      "version": "1.0.1",
      "resolved": "https://registry.npmjs.org/extract-json-string/-/extract-json-string-1.0.1.tgz",
      "integrity": "sha512-qigLgel9C6bUtHXp+xiwA3sgFcqiNqITeuYbHYh3K5zGeIOIJ9/8eXC8kTjTOykGW8lx1wn5phh5CZ5Kt5Oh6w==",
      "license": "MIT"
    },
    "node_modules/tls": {
      "version": "0.0.1",
      "resolved": "https://registry.npmjs.org/tls/-/tls-0.0.1.tgz",
      "integrity": "sha512-GzHpG+hwupY8VMR6rYsnAhTHqT/97zT45PG8WD5eTT1lq+dFE0nN+1PYpsoBcHJgSmTz5ceK2Cv88IkPmIPOtQ=="
    },
    "node_modules/ws": {
      "version": "8.18.1",
      "resolved": "https://registry.npmjs.org/ws/-/ws-8.18.1.tgz",
      "integrity": "sha512-RKW2aJZMXeMxVpnZ6bck+RswznaxmzdULiBr6KY7XkTnW8uvt0iT9H5DkHUChXrc+uurzwa0rVI16n/Xzjdz1w==",
      "license": "MIT",
      "engines": {
        "node": ">=10.0.0"
      },
      "peerDependencies": {
        "bufferutil": "^4.0.1",
        "utf-8-validate": ">=5.0.2"
      },
      "peerDependenciesMeta": {
        "bufferutil": {
          "optional": true
        },
        "utf-8-validate": {
          "optional": true
        }
      }
    }
  }
}
